
Microsoft Visual Studio Solution File, Format Version 12.00
# Visual Studio Version 16
VisualStudioVersion = 16.0.30907.101
MinimumVisualStudioVersion = 10.0.40219.1
Project("{FAE04EC0-301F-11D3-BF4B-00C04F79EFBC}") = "api2", "api2\api2.csproj", "{1DA4300A-4342-4AD4-BF70-F797C8CD8A95}"
EndProject
Global
	GlobalSection(SolutionConfigurationPlatforms) = preSolution
		Debug|Any CPU = Debug|Any CPU
		Release|Any CPU = Release|Any CPU
	EndGlobalSection
	GlobalSection(ProjectConfigurationPlatforms) = postSolution
		{1DA4300A-4342-4AD4-BF70-F797C8CD8A95}.Debug|Any CPU.ActiveCfg = Debug|Any CPU
		{1DA4300A-4342-4AD4-BF70-F797C8CD8A95}.Debug|Any CPU.Build.0 = Debug|Any CPU
		{1DA4300A-4342-4AD4-BF70-F797C8CD8A95}.Release|Any CPU.ActiveCfg = Release|Any CPU
		{1DA4300A-4342-4AD4-BF70-F797C8CD8A95}.Release|Any CPU.Build.0 = Release|Any CPU
	EndGlobalSection
	GlobalSection(SolutionProperties) = preSolution
		HideSolutionNode = FALSE
	EndGlobalSection
	GlobalSection(ExtensibilityGlobals) = postSolution
		SolutionGuid = {262AE768-8BA6-4533-99FC-FE8F9FAFBF04}
	EndGlobalSection
EndGlobal
